
Microsoft Visual Studio Solution File, Format Version 12.00
# Visual Studio Version 16
VisualStudioVersion = 16.0.30717.126
MinimumVisualStudioVersion = 10.0.40219.1
Project("{FAE04EC0-301F-11D3-BF4B-00C04F79EFBC}") = "JavaClassToXCodeConversion", "JavaClassToXCodeConversion.csproj", "{7CE275D3-0542-4722-98F5-5084F388D80E}"
EndProject
Global
	GlobalSection(SolutionConfigurationPlatforms) = preSolution
		Debug|Any CPU = Debug|Any CPU
		Release|Any CPU = Release|Any CPU
	EndGlobalSection
	GlobalSection(ProjectConfigurationPlatforms) = postSolution
		{7CE275D3-0542-4722-98F5-5084F388D80E}.Debug|Any CPU.ActiveCfg = Debug|Any CPU
		{7CE275D3-0542-4722-98F5-5084F388D80E}.Debug|Any CPU.Build.0 = Debug|Any CPU
		{7CE275D3-0542-4722-98F5-5084F388D80E}.Release|Any CPU.ActiveCfg = Release|Any CPU
		{7CE275D3-0542-4722-98F5-5084F388D80E}.Release|Any CPU.Build.0 = Release|Any CPU
	EndGlobalSection
	GlobalSection(SolutionProperties) = preSolution
		HideSolutionNode = FALSE
	EndGlobalSection
	GlobalSection(ExtensibilityGlobals) = postSolution
		SolutionGuid = {996532E2-A3DD-454B-A5DB-9F9F0432375A}
	EndGlobalSection
EndGlobal
